// !$*UTF8*$!
{
	archiveVersion = 1;
	classes = {
	};
	objectVersion = 46;
	objects = {

/* Begin PBXBuildFile section */
		87189B841CB325A200EB3284 /* Evergreen.h in Headers */ = {isa = PBXBuildFile; fileRef = 87189B801CB325A200EB3284 /* Evergreen.h */; settings = {ATTRIBUTES = (Public, ); }; };
		87189B851CB325A200EB3284 /* Evergreen.h in Headers */ = {isa = PBXBuildFile; fileRef = 87189B801CB325A200EB3284 /* Evergreen.h */; settings = {ATTRIBUTES = (Public, ); }; };
		87189B861CB325A200EB3284 /* Evergreen.h in Headers */ = {isa = PBXBuildFile; fileRef = 87189B801CB325A200EB3284 /* Evergreen.h */; settings = {ATTRIBUTES = (Public, ); }; };
		87189B871CB325A200EB3284 /* Evergreen.h in Headers */ = {isa = PBXBuildFile; fileRef = 87189B801CB325A200EB3284 /* Evergreen.h */; settings = {ATTRIBUTES = (Public, ); }; };
		87189B881CB325A200EB3284 /* Formatter.swift in Sources */ = {isa = PBXBuildFile; fileRef = 87189B811CB325A200EB3284 /* Formatter.swift */; };
		87189B891CB325A200EB3284 /* Formatter.swift in Sources */ = {isa = PBXBuildFile; fileRef = 87189B811CB325A200EB3284 /* Formatter.swift */; };
		87189B8A1CB325A200EB3284 /* Formatter.swift in Sources */ = {isa = PBXBuildFile; fileRef = 87189B811CB325A200EB3284 /* Formatter.swift */; };
		87189B8B1CB325A200EB3284 /* Formatter.swift in Sources */ = {isa = PBXBuildFile; fileRef = 87189B811CB325A200EB3284 /* Formatter.swift */; };
		87189B8C1CB325A200EB3284 /* Handler.swift in Sources */ = {isa = PBXBuildFile; fileRef = 87189B821CB325A200EB3284 /* Handler.swift */; };
		87189B8D1CB325A200EB3284 /* Handler.swift in Sources */ = {isa = PBXBuildFile; fileRef = 87189B821CB325A200EB3284 /* Handler.swift */; };
		87189B8E1CB325A200EB3284 /* Handler.swift in Sources */ = {isa = PBXBuildFile; fileRef = 87189B821CB325A200EB3284 /* Handler.swift */; };
		87189B8F1CB325A200EB3284 /* Handler.swift in Sources */ = {isa = PBXBuildFile; fileRef = 87189B821CB325A200EB3284 /* Handler.swift */; };
		87189B901CB325A200EB3284 /* Logger.swift in Sources */ = {isa = PBXBuildFile; fileRef = 87189B831CB325A200EB3284 /* Logger.swift */; };
		87189B911CB325A200EB3284 /* Logger.swift in Sources */ = {isa = PBXBuildFile; fileRef = 87189B831CB325A200EB3284 /* Logger.swift */; };
		87189B921CB325A200EB3284 /* Logger.swift in Sources */ = {isa = PBXBuildFile; fileRef = 87189B831CB325A200EB3284 /* Logger.swift */; };
		87189B931CB325A200EB3284 /* Logger.swift in Sources */ = {isa = PBXBuildFile; fileRef = 87189B831CB325A200EB3284 /* Logger.swift */; };
		87515FDD1CB2BBA100E0120D /* Evergreen.framework in Frameworks */ = {isa = PBXBuildFile; fileRef = 87515FD31CB2BBA100E0120D /* Evergreen.framework */; };
		875160001CB2BEC500E0120D /* Evergreen.framework in Frameworks */ = {isa = PBXBuildFile; fileRef = 87515FF61CB2BEC500E0120D /* Evergreen.framework */; };
		875160281CB2C12F00E0120D /* LoggerTests.swift in Sources */ = {isa = PBXBuildFile; fileRef = 875160251CB2C12F00E0120D /* LoggerTests.swift */; };
		875160291CB2C12F00E0120D /* LoggerTests.swift in Sources */ = {isa = PBXBuildFile; fileRef = 875160251CB2C12F00E0120D /* LoggerTests.swift */; };
		8751602A1CB2C12F00E0120D /* LoggerTests.swift in Sources */ = {isa = PBXBuildFile; fileRef = 875160251CB2C12F00E0120D /* LoggerTests.swift */; };
		8751602B1CB2C12F00E0120D /* LoggingTests.swift in Sources */ = {isa = PBXBuildFile; fileRef = 875160261CB2C12F00E0120D /* LoggingTests.swift */; };
		8751602C1CB2C12F00E0120D /* LoggingTests.swift in Sources */ = {isa = PBXBuildFile; fileRef = 875160261CB2C12F00E0120D /* LoggingTests.swift */; };
		8751602D1CB2C12F00E0120D /* LoggingTests.swift in Sources */ = {isa = PBXBuildFile; fileRef = 875160261CB2C12F00E0120D /* LoggingTests.swift */; };
		8751602E1CB2C12F00E0120D /* StenographyTestCase.swift in Sources */ = {isa = PBXBuildFile; fileRef = 875160271CB2C12F00E0120D /* StenographyTestCase.swift */; };
		8751602F1CB2C12F00E0120D /* StenographyTestCase.swift in Sources */ = {isa = PBXBuildFile; fileRef = 875160271CB2C12F00E0120D /* StenographyTestCase.swift */; };
		875160301CB2C12F00E0120D /* StenographyTestCase.swift in Sources */ = {isa = PBXBuildFile; fileRef = 875160271CB2C12F00E0120D /* StenographyTestCase.swift */; };
/* End PBXBuildFile section */

/* Begin PBXContainerItemProxy section */
		870449FC19F22EB100A78D15 /* PBXContainerItemProxy */ = {
			isa = PBXContainerItemProxy;
			containerPortal = 87539B1619DB23F00084658D /* Project object */;
			proxyType = 1;
			remoteGlobalIDString = 87539B1E19DB23F00084658D;
			remoteInfo = VILogKit;
		};
		87515FDE1CB2BBA100E0120D /* PBXContainerItemProxy */ = {
			isa = PBXContainerItemProxy;
			containerPortal = 87539B1619DB23F00084658D /* Project object */;
			proxyType = 1;
			remoteGlobalIDString = 87515FD21CB2BBA100E0120D;
			remoteInfo = "Evergreen-OSX";
		};
		875160011CB2BEC500E0120D /* PBXContainerItemProxy */ = {
			isa = PBXContainerItemProxy;
			containerPortal = 87539B1619DB23F00084658D /* Project object */;
			proxyType = 1;
			remoteGlobalIDString = 87515FF51CB2BEC500E0120D;
			remoteInfo = "Evergreen-tvOS";
		};
/* End PBXContainerItemProxy section */

/* Begin PBXFileReference section */
		87189B801CB325A200EB3284 /* Evergreen.h */ = {isa = PBXFileReference; fileEncoding = 4; lastKnownFileType = sourcecode.c.h; name = Evergreen.h; path = Sources/Evergreen/Evergreen.h; sourceTree = SOURCE_ROOT; };
		87189B811CB325A200EB3284 /* Formatter.swift */ = {isa = PBXFileReference; fileEncoding = 4; lastKnownFileType = sourcecode.swift; name = Formatter.swift; path = Sources/Evergreen/Formatter.swift; sourceTree = SOURCE_ROOT; };
		87189B821CB325A200EB3284 /* Handler.swift */ = {isa = PBXFileReference; fileEncoding = 4; lastKnownFileType = sourcecode.swift; name = Handler.swift; path = Sources/Evergreen/Handler.swift; sourceTree = SOURCE_ROOT; };
		87189B831CB325A200EB3284 /* Logger.swift */ = {isa = PBXFileReference; fileEncoding = 4; lastKnownFileType = sourcecode.swift; name = Logger.swift; path = Sources/Evergreen/Logger.swift; sourceTree = SOURCE_ROOT; };
		87515FD31CB2BBA100E0120D /* Evergreen.framework */ = {isa = PBXFileReference; explicitFileType = wrapper.framework; includeInIndex = 0; path = Evergreen.framework; sourceTree = BUILT_PRODUCTS_DIR; };
		87515FDC1CB2BBA100E0120D /* Evergreen-OSX Tests.xctest */ = {isa = PBXFileReference; explicitFileType = wrapper.cfbundle; includeInIndex = 0; path = "Evergreen-OSX Tests.xctest"; sourceTree = BUILT_PRODUCTS_DIR; };
		87515FF61CB2BEC500E0120D /* Evergreen.framework */ = {isa = PBXFileReference; explicitFileType = wrapper.framework; includeInIndex = 0; path = Evergreen.framework; sourceTree = BUILT_PRODUCTS_DIR; };
		87515FFF1CB2BEC500E0120D /* Evergreen-tvOS Tests.xctest */ = {isa = PBXFileReference; explicitFileType = wrapper.cfbundle; includeInIndex = 0; path = "Evergreen-tvOS Tests.xctest"; sourceTree = BUILT_PRODUCTS_DIR; };
		875160121CB2C00C00E0120D /* Evergreen.framework */ = {isa = PBXFileReference; explicitFileType = wrapper.framework; includeInIndex = 0; path = Evergreen.framework; sourceTree = BUILT_PRODUCTS_DIR; };
		875160251CB2C12F00E0120D /* LoggerTests.swift */ = {isa = PBXFileReference; fileEncoding = 4; lastKnownFileType = sourcecode.swift; name = LoggerTests.swift; path = Tests/Evergreen/LoggerTests.swift; sourceTree = SOURCE_ROOT; };
		875160261CB2C12F00E0120D /* LoggingTests.swift */ = {isa = PBXFileReference; fileEncoding = 4; lastKnownFileType = sourcecode.swift; name = LoggingTests.swift; path = Tests/Evergreen/LoggingTests.swift; sourceTree = SOURCE_ROOT; };
		875160271CB2C12F00E0120D /* StenographyTestCase.swift */ = {isa = PBXFileReference; fileEncoding = 4; lastKnownFileType = sourcecode.swift; name = StenographyTestCase.swift; path = Tests/Evergreen/StenographyTestCase.swift; sourceTree = SOURCE_ROOT; };
		87539B1F19DB23F00084658D /* Evergreen.framework */ = {isa = PBXFileReference; explicitFileType = wrapper.framework; includeInIndex = 0; path = Evergreen.framework; sourceTree = BUILT_PRODUCTS_DIR; };
		87539B2A19DB23F00084658D /* Evergreen-iOS Tests.xctest */ = {isa = PBXFileReference; explicitFileType = wrapper.cfbundle; includeInIndex = 0; path = "Evergreen-iOS Tests.xctest"; sourceTree = BUILT_PRODUCTS_DIR; };
/* End PBXFileReference section */

/* Begin PBXFrameworksBuildPhase section */
		87515FCF1CB2BBA100E0120D /* Frameworks */ = {
			isa = PBXFrameworksBuildPhase;
			buildActionMask = 2147483647;
			files = (
			);
			runOnlyForDeploymentPostprocessing = 0;
		};
		87515FD91CB2BBA100E0120D /* Frameworks */ = {
			isa = PBXFrameworksBuildPhase;
			buildActionMask = 2147483647;
			files = (
				87515FDD1CB2BBA100E0120D /* Evergreen.framework in Frameworks */,
			);
			runOnlyForDeploymentPostprocessing = 0;
		};
		87515FF21CB2BEC500E0120D /* Frameworks */ = {
			isa = PBXFrameworksBuildPhase;
			buildActionMask = 2147483647;
			files = (
			);
			runOnlyForDeploymentPostprocessing = 0;
		};
		87515FFC1CB2BEC500E0120D /* Frameworks */ = {
			isa = PBXFrameworksBuildPhase;
			buildActionMask = 2147483647;
			files = (
				875160001CB2BEC500E0120D /* Evergreen.framework in Frameworks */,
			);
			runOnlyForDeploymentPostprocessing = 0;
		};
		8751600E1CB2C00C00E0120D /* Frameworks */ = {
			isa = PBXFrameworksBuildPhase;
			buildActionMask = 2147483647;
			files = (
			);
			runOnlyForDeploymentPostprocessing = 0;
		};
		87539B1B19DB23F00084658D /* Frameworks */ = {
			isa = PBXFrameworksBuildPhase;
			buildActionMask = 2147483647;
			files = (
			);
			runOnlyForDeploymentPostprocessing = 0;
		};
		87539B2719DB23F00084658D /* Frameworks */ = {
			isa = PBXFrameworksBuildPhase;
			buildActionMask = 2147483647;
			files = (
			);
			runOnlyForDeploymentPostprocessing = 0;
		};
/* End PBXFrameworksBuildPhase section */

/* Begin PBXGroup section */
		87539B1519DB23F00084658D = {
			isa = PBXGroup;
			children = (
				87539B2119DB23F00084658D /* Evergreen */,
				87539B2B19DB23F00084658D /* EvergreenTests */,
				87539B2019DB23F00084658D /* Products */,
			);
			sourceTree = "<group>";
		};
		87539B2019DB23F00084658D /* Products */ = {
			isa = PBXGroup;
			children = (
				87539B1F19DB23F00084658D /* Evergreen.framework */,
				87539B2A19DB23F00084658D /* Evergreen-iOS Tests.xctest */,
				87515FD31CB2BBA100E0120D /* Evergreen.framework */,
				87515FDC1CB2BBA100E0120D /* Evergreen-OSX Tests.xctest */,
				87515FF61CB2BEC500E0120D /* Evergreen.framework */,
				87515FFF1CB2BEC500E0120D /* Evergreen-tvOS Tests.xctest */,
				875160121CB2C00C00E0120D /* Evergreen.framework */,
			);
			name = Products;
			sourceTree = "<group>";
		};
		87539B2119DB23F00084658D /* Evergreen */ = {
			isa = PBXGroup;
			children = (
				87189B801CB325A200EB3284 /* Evergreen.h */,
				87189B811CB325A200EB3284 /* Formatter.swift */,
				87189B821CB325A200EB3284 /* Handler.swift */,
				87189B831CB325A200EB3284 /* Logger.swift */,
			);
			name = Evergreen;
			path = VILogKit;
			sourceTree = "<group>";
		};
		87539B2B19DB23F00084658D /* EvergreenTests */ = {
			isa = PBXGroup;
			children = (
				875160251CB2C12F00E0120D /* LoggerTests.swift */,
				875160261CB2C12F00E0120D /* LoggingTests.swift */,
				875160271CB2C12F00E0120D /* StenographyTestCase.swift */,
			);
			name = EvergreenTests;
			path = VILogKitTests;
			sourceTree = "<group>";
		};
/* End PBXGroup section */

/* Begin PBXHeadersBuildPhase section */
		87515FD01CB2BBA100E0120D /* Headers */ = {
			isa = PBXHeadersBuildPhase;
			buildActionMask = 2147483647;
			files = (
				87189B851CB325A200EB3284 /* Evergreen.h in Headers */,
			);
			runOnlyForDeploymentPostprocessing = 0;
		};
		87515FF31CB2BEC500E0120D /* Headers */ = {
			isa = PBXHeadersBuildPhase;
			buildActionMask = 2147483647;
			files = (
				87189B861CB325A200EB3284 /* Evergreen.h in Headers */,
			);
			runOnlyForDeploymentPostprocessing = 0;
		};
		8751600F1CB2C00C00E0120D /* Headers */ = {
			isa = PBXHeadersBuildPhase;
			buildActionMask = 2147483647;
			files = (
				87189B871CB325A200EB3284 /* Evergreen.h in Headers */,
			);
			runOnlyForDeploymentPostprocessing = 0;
		};
		87539B1C19DB23F00084658D /* Headers */ = {
			isa = PBXHeadersBuildPhase;
			buildActionMask = 2147483647;
			files = (
				87189B841CB325A200EB3284 /* Evergreen.h in Headers */,
			);
			runOnlyForDeploymentPostprocessing = 0;
		};
/* End PBXHeadersBuildPhase section */

/* Begin PBXNativeTarget section */
		87515FD21CB2BBA100E0120D /* Evergreen-OSX */ = {
			isa = PBXNativeTarget;
			buildConfigurationList = 87515FE41CB2BBA100E0120D /* Build configuration list for PBXNativeTarget "Evergreen-OSX" */;
			buildPhases = (
				87515FCE1CB2BBA100E0120D /* Sources */,
				87515FCF1CB2BBA100E0120D /* Frameworks */,
				87515FD01CB2BBA100E0120D /* Headers */,
				87515FD11CB2BBA100E0120D /* Resources */,
			);
			buildRules = (
			);
			dependencies = (
			);
			name = "Evergreen-OSX";
			productName = "Evergreen-OSX";
			productReference = 87515FD31CB2BBA100E0120D /* Evergreen.framework */;
			productType = "com.apple.product-type.framework";
		};
		87515FDB1CB2BBA100E0120D /* Evergreen-OSX Tests */ = {
			isa = PBXNativeTarget;
			buildConfigurationList = 87515FE71CB2BBA100E0120D /* Build configuration list for PBXNativeTarget "Evergreen-OSX Tests" */;
			buildPhases = (
				87515FD81CB2BBA100E0120D /* Sources */,
				87515FD91CB2BBA100E0120D /* Frameworks */,
				87515FDA1CB2BBA100E0120D /* Resources */,
			);
			buildRules = (
			);
			dependencies = (
				87515FDF1CB2BBA100E0120D /* PBXTargetDependency */,
			);
			name = "Evergreen-OSX Tests";
			productName = "Evergreen-OSXTests";
			productReference = 87515FDC1CB2BBA100E0120D /* Evergreen-OSX Tests.xctest */;
			productType = "com.apple.product-type.bundle.unit-test";
		};
		87515FF51CB2BEC500E0120D /* Evergreen-tvOS */ = {
			isa = PBXNativeTarget;
			buildConfigurationList = 875160071CB2BEC500E0120D /* Build configuration list for PBXNativeTarget "Evergreen-tvOS" */;
			buildPhases = (
				87515FF11CB2BEC500E0120D /* Sources */,
				87515FF21CB2BEC500E0120D /* Frameworks */,
				87515FF31CB2BEC500E0120D /* Headers */,
				87515FF41CB2BEC500E0120D /* Resources */,
			);
			buildRules = (
			);
			dependencies = (
			);
			name = "Evergreen-tvOS";
			productName = "Evergreen-tvOS";
			productReference = 87515FF61CB2BEC500E0120D /* Evergreen.framework */;
			productType = "com.apple.product-type.framework";
		};
		87515FFE1CB2BEC500E0120D /* Evergreen-tvOS Tests */ = {
			isa = PBXNativeTarget;
			buildConfigurationList = 8751600A1CB2BEC500E0120D /* Build configuration list for PBXNativeTarget "Evergreen-tvOS Tests" */;
			buildPhases = (
				87515FFB1CB2BEC500E0120D /* Sources */,
				87515FFC1CB2BEC500E0120D /* Frameworks */,
				87515FFD1CB2BEC500E0120D /* Resources */,
			);
			buildRules = (
			);
			dependencies = (
				875160021CB2BEC500E0120D /* PBXTargetDependency */,
			);
			name = "Evergreen-tvOS Tests";
			productName = "Evergreen-tvOSTests";
			productReference = 87515FFF1CB2BEC500E0120D /* Evergreen-tvOS Tests.xctest */;
			productType = "com.apple.product-type.bundle.unit-test";
		};
		875160111CB2C00C00E0120D /* Evergreen-watchOS */ = {
			isa = PBXNativeTarget;
			buildConfigurationList = 875160171CB2C00C00E0120D /* Build configuration list for PBXNativeTarget "Evergreen-watchOS" */;
			buildPhases = (
				8751600D1CB2C00C00E0120D /* Sources */,
				8751600E1CB2C00C00E0120D /* Frameworks */,
				8751600F1CB2C00C00E0120D /* Headers */,
				875160101CB2C00C00E0120D /* Resources */,
			);
			buildRules = (
			);
			dependencies = (
			);
			name = "Evergreen-watchOS";
			productName = "Evergreen-watchOS";
			productReference = 875160121CB2C00C00E0120D /* Evergreen.framework */;
			productType = "com.apple.product-type.framework";
		};
		87539B1E19DB23F00084658D /* Evergreen-iOS */ = {
			isa = PBXNativeTarget;
			buildConfigurationList = 87539B3219DB23F00084658D /* Build configuration list for PBXNativeTarget "Evergreen-iOS" */;
			buildPhases = (
				87539B1A19DB23F00084658D /* Sources */,
				87539B1B19DB23F00084658D /* Frameworks */,
				87539B1C19DB23F00084658D /* Headers */,
				87539B1D19DB23F00084658D /* Resources */,
			);
			buildRules = (
			);
			dependencies = (
			);
			name = "Evergreen-iOS";
			productName = VILogKit;
			productReference = 87539B1F19DB23F00084658D /* Evergreen.framework */;
			productType = "com.apple.product-type.framework";
		};
		87539B2919DB23F00084658D /* Evergreen-iOS Tests */ = {
			isa = PBXNativeTarget;
			buildConfigurationList = 87539B3519DB23F00084658D /* Build configuration list for PBXNativeTarget "Evergreen-iOS Tests" */;
			buildPhases = (
				87539B2619DB23F00084658D /* Sources */,
				87539B2719DB23F00084658D /* Frameworks */,
				87539B2819DB23F00084658D /* Resources */,
			);
			buildRules = (
			);
			dependencies = (
				870449FD19F22EB100A78D15 /* PBXTargetDependency */,
			);
			name = "Evergreen-iOS Tests";
			productName = VILogKitTests;
			productReference = 87539B2A19DB23F00084658D /* Evergreen-iOS Tests.xctest */;
			productType = "com.apple.product-type.bundle.unit-test";
		};
/* End PBXNativeTarget section */

/* Begin PBXProject section */
		87539B1619DB23F00084658D /* Project object */ = {
			isa = PBXProject;
			attributes = {
				LastSwiftMigration = 0700;
				LastSwiftUpdateCheck = 0730;
				LastUpgradeCheck = 0700;
				ORGANIZATIONNAME = "viWiD Webdesign & iOS Development";
				TargetAttributes = {
					87515FD21CB2BBA100E0120D = {
						CreatedOnToolsVersion = 7.3;
					};
					87515FDB1CB2BBA100E0120D = {
						CreatedOnToolsVersion = 7.3;
					};
					87515FF51CB2BEC500E0120D = {
						CreatedOnToolsVersion = 7.3;
					};
					87515FFE1CB2BEC500E0120D = {
						CreatedOnToolsVersion = 7.3;
					};
					875160111CB2C00C00E0120D = {
						CreatedOnToolsVersion = 7.3;
					};
					87539B1E19DB23F00084658D = {
						CreatedOnToolsVersion = 6.0.1;
					};
					87539B2919DB23F00084658D = {
						CreatedOnToolsVersion = 6.0.1;
					};
				};
			};
			buildConfigurationList = 87539B1919DB23F00084658D /* Build configuration list for PBXProject "Evergreen" */;
			compatibilityVersion = "Xcode 3.2";
			developmentRegion = English;
			hasScannedForEncodings = 0;
			knownRegions = (
				en,
			);
			mainGroup = 87539B1519DB23F00084658D;
			productRefGroup = 87539B2019DB23F00084658D /* Products */;
			projectDirPath = "";
			projectRoot = "";
			targets = (
				87539B1E19DB23F00084658D /* Evergreen-iOS */,
				87539B2919DB23F00084658D /* Evergreen-iOS Tests */,
				87515FD21CB2BBA100E0120D /* Evergreen-OSX */,
				87515FDB1CB2BBA100E0120D /* Evergreen-OSX Tests */,
				87515FF51CB2BEC500E0120D /* Evergreen-tvOS */,
				87515FFE1CB2BEC500E0120D /* Evergreen-tvOS Tests */,
				875160111CB2C00C00E0120D /* Evergreen-watchOS */,
			);
		};
/* End PBXProject section */

/* Begin PBXResourcesBuildPhase section */
		87515FD11CB2BBA100E0120D /* Resources */ = {
			isa = PBXResourcesBuildPhase;
			buildActionMask = 2147483647;
			files = (
			);
			runOnlyForDeploymentPostprocessing = 0;
		};
		87515FDA1CB2BBA100E0120D /* Resources */ = {
			isa = PBXResourcesBuildPhase;
			buildActionMask = 2147483647;
			files = (
			);
			runOnlyForDeploymentPostprocessing = 0;
		};
		87515FF41CB2BEC500E0120D /* Resources */ = {
			isa = PBXResourcesBuildPhase;
			buildActionMask = 2147483647;
			files = (
			);
			runOnlyForDeploymentPostprocessing = 0;
		};
		87515FFD1CB2BEC500E0120D /* Resources */ = {
			isa = PBXResourcesBuildPhase;
			buildActionMask = 2147483647;
			files = (
			);
			runOnlyForDeploymentPostprocessing = 0;
		};
		875160101CB2C00C00E0120D /* Resources */ = {
			isa = PBXResourcesBuildPhase;
			buildActionMask = 2147483647;
			files = (
			);
			runOnlyForDeploymentPostprocessing = 0;
		};
		87539B1D19DB23F00084658D /* Resources */ = {
			isa = PBXResourcesBuildPhase;
			buildActionMask = 2147483647;
			files = (
			);
			runOnlyForDeploymentPostprocessing = 0;
		};
		87539B2819DB23F00084658D /* Resources */ = {
			isa = PBXResourcesBuildPhase;
			buildActionMask = 2147483647;
			files = (
			);
			runOnlyForDeploymentPostprocessing = 0;
		};
/* End PBXResourcesBuildPhase section */

/* Begin PBXSourcesBuildPhase section */
		87515FCE1CB2BBA100E0120D /* Sources */ = {
			isa = PBXSourcesBuildPhase;
			buildActionMask = 2147483647;
			files = (
				87189B8D1CB325A200EB3284 /* Handler.swift in Sources */,
				87189B911CB325A200EB3284 /* Logger.swift in Sources */,
				87189B891CB325A200EB3284 /* Formatter.swift in Sources */,
			);
			runOnlyForDeploymentPostprocessing = 0;
		};
		87515FD81CB2BBA100E0120D /* Sources */ = {
			isa = PBXSourcesBuildPhase;
			buildActionMask = 2147483647;
			files = (
				875160291CB2C12F00E0120D /* LoggerTests.swift in Sources */,
				8751602F1CB2C12F00E0120D /* StenographyTestCase.swift in Sources */,
				8751602C1CB2C12F00E0120D /* LoggingTests.swift in Sources */,
			);
			runOnlyForDeploymentPostprocessing = 0;
		};
		87515FF11CB2BEC500E0120D /* Sources */ = {
			isa = PBXSourcesBuildPhase;
			buildActionMask = 2147483647;
			files = (
				87189B8E1CB325A200EB3284 /* Handler.swift in Sources */,
				87189B921CB325A200EB3284 /* Logger.swift in Sources */,
				87189B8A1CB325A200EB3284 /* Formatter.swift in Sources */,
			);
			runOnlyForDeploymentPostprocessing = 0;
		};
		87515FFB1CB2BEC500E0120D /* Sources */ = {
			isa = PBXSourcesBuildPhase;
			buildActionMask = 2147483647;
			files = (
				8751602A1CB2C12F00E0120D /* LoggerTests.swift in Sources */,
				875160301CB2C12F00E0120D /* StenographyTestCase.swift in Sources */,
				8751602D1CB2C12F00E0120D /* LoggingTests.swift in Sources */,
			);
			runOnlyForDeploymentPostprocessing = 0;
		};
		8751600D1CB2C00C00E0120D /* Sources */ = {
			isa = PBXSourcesBuildPhase;
			buildActionMask = 2147483647;
			files = (
				87189B8F1CB325A200EB3284 /* Handler.swift in Sources */,
				87189B931CB325A200EB3284 /* Logger.swift in Sources */,
				87189B8B1CB325A200EB3284 /* Formatter.swift in Sources */,
			);
			runOnlyForDeploymentPostprocessing = 0;
		};
		87539B1A19DB23F00084658D /* Sources */ = {
			isa = PBXSourcesBuildPhase;
			buildActionMask = 2147483647;
			files = (
				87189B8C1CB325A200EB3284 /* Handler.swift in Sources */,
				87189B901CB325A200EB3284 /* Logger.swift in Sources */,
				87189B881CB325A200EB3284 /* Formatter.swift in Sources */,
			);
			runOnlyForDeploymentPostprocessing = 0;
		};
		87539B2619DB23F00084658D /* Sources */ = {
			isa = PBXSourcesBuildPhase;
			buildActionMask = 2147483647;
			files = (
				875160281CB2C12F00E0120D /* LoggerTests.swift in Sources */,
				8751602E1CB2C12F00E0120D /* StenographyTestCase.swift in Sources */,
				8751602B1CB2C12F00E0120D /* LoggingTests.swift in Sources */,
			);
			runOnlyForDeploymentPostprocessing = 0;
		};
/* End PBXSourcesBuildPhase section */

/* Begin PBXTargetDependency section */
		870449FD19F22EB100A78D15 /* PBXTargetDependency */ = {
			isa = PBXTargetDependency;
			target = 87539B1E19DB23F00084658D /* Evergreen-iOS */;
			targetProxy = 870449FC19F22EB100A78D15 /* PBXContainerItemProxy */;
		};
		87515FDF1CB2BBA100E0120D /* PBXTargetDependency */ = {
			isa = PBXTargetDependency;
			target = 87515FD21CB2BBA100E0120D /* Evergreen-OSX */;
			targetProxy = 87515FDE1CB2BBA100E0120D /* PBXContainerItemProxy */;
		};
		875160021CB2BEC500E0120D /* PBXTargetDependency */ = {
			isa = PBXTargetDependency;
			target = 87515FF51CB2BEC500E0120D /* Evergreen-tvOS */;
			targetProxy = 875160011CB2BEC500E0120D /* PBXContainerItemProxy */;
		};
/* End PBXTargetDependency section */

/* Begin XCBuildConfiguration section */
		87515FE51CB2BBA100E0120D /* Debug */ = {
			isa = XCBuildConfiguration;
			buildSettings = {
				APPLICATION_EXTENSION_API_ONLY = YES;
				CLANG_ANALYZER_NONNULL = YES;
				CLANG_CXX_LANGUAGE_STANDARD = "gnu++0x";
				CLANG_CXX_LIBRARY = "libc++";
				CLANG_ENABLE_MODULES = YES;
				CODE_SIGN_IDENTITY = "-";
				COMBINE_HIDPI_IMAGES = YES;
				DEBUG_INFORMATION_FORMAT = dwarf;
				DEFINES_MODULE = YES;
				DYLIB_COMPATIBILITY_VERSION = 1;
				DYLIB_CURRENT_VERSION = 1;
				DYLIB_INSTALL_NAME_BASE = "@rpath";
				FRAMEWORK_VERSION = A;
				GCC_C_LANGUAGE_STANDARD = gnu99;
				GCC_NO_COMMON_BLOCKS = YES;
				INSTALL_PATH = "$(LOCAL_LIBRARY_DIR)/Frameworks";
				LD_RUNPATH_SEARCH_PATHS = "$(inherited) @executable_path/../Frameworks @loader_path/Frameworks";
				MACOSX_DEPLOYMENT_TARGET = 10.9;
				SDKROOT = macosx;
				SKIP_INSTALL = YES;
				SWIFT_OPTIMIZATION_LEVEL = "-Onone";
			};
			name = Debug;
		};
		87515FE61CB2BBA100E0120D /* Release */ = {
			isa = XCBuildConfiguration;
			buildSettings = {
				APPLICATION_EXTENSION_API_ONLY = YES;
				CLANG_ANALYZER_NONNULL = YES;
				CLANG_CXX_LANGUAGE_STANDARD = "gnu++0x";
				CLANG_CXX_LIBRARY = "libc++";
				CLANG_ENABLE_MODULES = YES;
				CODE_SIGN_IDENTITY = "-";
				COMBINE_HIDPI_IMAGES = YES;
				COPY_PHASE_STRIP = NO;
				DEBUG_INFORMATION_FORMAT = "dwarf-with-dsym";
				DEFINES_MODULE = YES;
				DYLIB_COMPATIBILITY_VERSION = 1;
				DYLIB_CURRENT_VERSION = 1;
				DYLIB_INSTALL_NAME_BASE = "@rpath";
				FRAMEWORK_VERSION = A;
				GCC_C_LANGUAGE_STANDARD = gnu99;
				GCC_NO_COMMON_BLOCKS = YES;
				INSTALL_PATH = "$(LOCAL_LIBRARY_DIR)/Frameworks";
				LD_RUNPATH_SEARCH_PATHS = "$(inherited) @executable_path/../Frameworks @loader_path/Frameworks";
				MACOSX_DEPLOYMENT_TARGET = 10.9;
				SDKROOT = macosx;
				SKIP_INSTALL = YES;
			};
			name = Release;
		};
		87515FE81CB2BBA100E0120D /* Debug */ = {
			isa = XCBuildConfiguration;
			buildSettings = {
				CLANG_ANALYZER_NONNULL = YES;
				CLANG_CXX_LANGUAGE_STANDARD = "gnu++0x";
				CLANG_CXX_LIBRARY = "libc++";
				CLANG_ENABLE_MODULES = YES;
				CODE_SIGN_IDENTITY = "-";
				COMBINE_HIDPI_IMAGES = YES;
				DEBUG_INFORMATION_FORMAT = dwarf;
				GCC_C_LANGUAGE_STANDARD = gnu99;
				GCC_NO_COMMON_BLOCKS = YES;
				LD_RUNPATH_SEARCH_PATHS = "$(inherited) @executable_path/../Frameworks @loader_path/../Frameworks";
				MACOSX_DEPLOYMENT_TARGET = 10.11;
				PRODUCT_NAME = "$(TARGET_NAME)";
				SDKROOT = macosx;
				SWIFT_OPTIMIZATION_LEVEL = "-Onone";
			};
			name = Debug;
		};
		87515FE91CB2BBA100E0120D /* Release */ = {
			isa = XCBuildConfiguration;
			buildSettings = {
				CLANG_ANALYZER_NONNULL = YES;
				CLANG_CXX_LANGUAGE_STANDARD = "gnu++0x";
				CLANG_CXX_LIBRARY = "libc++";
				CLANG_ENABLE_MODULES = YES;
				CODE_SIGN_IDENTITY = "-";
				COMBINE_HIDPI_IMAGES = YES;
				COPY_PHASE_STRIP = NO;
				DEBUG_INFORMATION_FORMAT = "dwarf-with-dsym";
				GCC_C_LANGUAGE_STANDARD = gnu99;
				GCC_NO_COMMON_BLOCKS = YES;
				LD_RUNPATH_SEARCH_PATHS = "$(inherited) @executable_path/../Frameworks @loader_path/../Frameworks";
				MACOSX_DEPLOYMENT_TARGET = 10.11;
				PRODUCT_NAME = "$(TARGET_NAME)";
				SDKROOT = macosx;
			};
			name = Release;
		};
		875160081CB2BEC500E0120D /* Debug */ = {
			isa = XCBuildConfiguration;
			buildSettings = {
				APPLICATION_EXTENSION_API_ONLY = YES;
				CLANG_ANALYZER_NONNULL = YES;
				CLANG_CXX_LANGUAGE_STANDARD = "gnu++0x";
				CLANG_CXX_LIBRARY = "libc++";
				CLANG_ENABLE_MODULES = YES;
				DEBUG_INFORMATION_FORMAT = dwarf;
				DEFINES_MODULE = YES;
				DYLIB_COMPATIBILITY_VERSION = 1;
				DYLIB_CURRENT_VERSION = 1;
				DYLIB_INSTALL_NAME_BASE = "@rpath";
				GCC_C_LANGUAGE_STANDARD = gnu99;
				GCC_NO_COMMON_BLOCKS = YES;
				INSTALL_PATH = "$(LOCAL_LIBRARY_DIR)/Frameworks";
				LD_RUNPATH_SEARCH_PATHS = "$(inherited) @executable_path/Frameworks @loader_path/Frameworks";
				SDKROOT = appletvos;
				SKIP_INSTALL = YES;
				SWIFT_OPTIMIZATION_LEVEL = "-Onone";
				TARGETED_DEVICE_FAMILY = 3;
				TVOS_DEPLOYMENT_TARGET = 9.0;
			};
			name = Debug;
		};
		875160091CB2BEC500E0120D /* Release */ = {
			isa = XCBuildConfiguration;
			buildSettings = {
				APPLICATION_EXTENSION_API_ONLY = YES;
				CLANG_ANALYZER_NONNULL = YES;
				CLANG_CXX_LANGUAGE_STANDARD = "gnu++0x";
				CLANG_CXX_LIBRARY = "libc++";
				CLANG_ENABLE_MODULES = YES;
				COPY_PHASE_STRIP = NO;
				DEBUG_INFORMATION_FORMAT = "dwarf-with-dsym";
				DEFINES_MODULE = YES;
				DYLIB_COMPATIBILITY_VERSION = 1;
				DYLIB_CURRENT_VERSION = 1;
				DYLIB_INSTALL_NAME_BASE = "@rpath";
				GCC_C_LANGUAGE_STANDARD = gnu99;
				GCC_NO_COMMON_BLOCKS = YES;
				INSTALL_PATH = "$(LOCAL_LIBRARY_DIR)/Frameworks";
				LD_RUNPATH_SEARCH_PATHS = "$(inherited) @executable_path/Frameworks @loader_path/Frameworks";
				SDKROOT = appletvos;
				SKIP_INSTALL = YES;
				TARGETED_DEVICE_FAMILY = 3;
				TVOS_DEPLOYMENT_TARGET = 9.0;
			};
			name = Release;
		};
		8751600B1CB2BEC500E0120D /* Debug */ = {
			isa = XCBuildConfiguration;
			buildSettings = {
				CLANG_ANALYZER_NONNULL = YES;
				CLANG_CXX_LANGUAGE_STANDARD = "gnu++0x";
				CLANG_CXX_LIBRARY = "libc++";
				CLANG_ENABLE_MODULES = YES;
				DEBUG_INFORMATION_FORMAT = dwarf;
				GCC_C_LANGUAGE_STANDARD = gnu99;
				GCC_NO_COMMON_BLOCKS = YES;
				LD_RUNPATH_SEARCH_PATHS = "$(inherited) @executable_path/Frameworks @loader_path/Frameworks";
				PRODUCT_NAME = "$(TARGET_NAME)";
				SDKROOT = appletvos;
				SWIFT_OPTIMIZATION_LEVEL = "-Onone";
				TVOS_DEPLOYMENT_TARGET = 9.2;
			};
			name = Debug;
		};
		8751600C1CB2BEC500E0120D /* Release */ = {
			isa = XCBuildConfiguration;
			buildSettings = {
				CLANG_ANALYZER_NONNULL = YES;
				CLANG_CXX_LANGUAGE_STANDARD = "gnu++0x";
				CLANG_CXX_LIBRARY = "libc++";
				CLANG_ENABLE_MODULES = YES;
				COPY_PHASE_STRIP = NO;
				DEBUG_INFORMATION_FORMAT = "dwarf-with-dsym";
				GCC_C_LANGUAGE_STANDARD = gnu99;
				GCC_NO_COMMON_BLOCKS = YES;
				LD_RUNPATH_SEARCH_PATHS = "$(inherited) @executable_path/Frameworks @loader_path/Frameworks";
				PRODUCT_NAME = "$(TARGET_NAME)";
				SDKROOT = appletvos;
				TVOS_DEPLOYMENT_TARGET = 9.2;
			};
			name = Release;
		};
		875160181CB2C00C00E0120D /* Debug */ = {
			isa = XCBuildConfiguration;
			buildSettings = {
				APPLICATION_EXTENSION_API_ONLY = YES;
				CLANG_ANALYZER_NONNULL = YES;
				CLANG_CXX_LANGUAGE_STANDARD = "gnu++0x";
				CLANG_CXX_LIBRARY = "libc++";
				CLANG_ENABLE_MODULES = YES;
				CURRENT_PROJECT_VERSION = 1;
				DEBUG_INFORMATION_FORMAT = dwarf;
				DEFINES_MODULE = YES;
				DYLIB_COMPATIBILITY_VERSION = 1;
				DYLIB_CURRENT_VERSION = 1;
				DYLIB_INSTALL_NAME_BASE = "@rpath";
				GCC_C_LANGUAGE_STANDARD = gnu99;
				GCC_NO_COMMON_BLOCKS = YES;
				INSTALL_PATH = "$(LOCAL_LIBRARY_DIR)/Frameworks";
				LD_RUNPATH_SEARCH_PATHS = "$(inherited) @executable_path/Frameworks @loader_path/Frameworks";
				SDKROOT = watchos;
				SKIP_INSTALL = YES;
				SWIFT_OPTIMIZATION_LEVEL = "-Onone";
				TARGETED_DEVICE_FAMILY = 4;
				WATCHOS_DEPLOYMENT_TARGET = 2.2;
			};
			name = Debug;
		};
		875160191CB2C00C00E0120D /* Release */ = {
			isa = XCBuildConfiguration;
			buildSettings = {
				APPLICATION_EXTENSION_API_ONLY = YES;
				CLANG_ANALYZER_NONNULL = YES;
				CLANG_CXX_LANGUAGE_STANDARD = "gnu++0x";
				CLANG_CXX_LIBRARY = "libc++";
				CLANG_ENABLE_MODULES = YES;
				COPY_PHASE_STRIP = NO;
				CURRENT_PROJECT_VERSION = 1;
				DEBUG_INFORMATION_FORMAT = "dwarf-with-dsym";
				DEFINES_MODULE = YES;
				DYLIB_COMPATIBILITY_VERSION = 1;
				DYLIB_CURRENT_VERSION = 1;
				DYLIB_INSTALL_NAME_BASE = "@rpath";
				GCC_C_LANGUAGE_STANDARD = gnu99;
				GCC_NO_COMMON_BLOCKS = YES;
				INSTALL_PATH = "$(LOCAL_LIBRARY_DIR)/Frameworks";
				LD_RUNPATH_SEARCH_PATHS = "$(inherited) @executable_path/Frameworks @loader_path/Frameworks";
				SDKROOT = watchos;
				SKIP_INSTALL = YES;
				TARGETED_DEVICE_FAMILY = 4;
				WATCHOS_DEPLOYMENT_TARGET = 2.2;
			};
			name = Release;
		};
		87539B3019DB23F00084658D /* Debug */ = {
			isa = XCBuildConfiguration;
			buildSettings = {
				ALWAYS_SEARCH_USER_PATHS = NO;
				CLANG_ENABLE_MODULES = YES;
				CLANG_ENABLE_OBJC_ARC = YES;
				CLANG_WARN_BOOL_CONVERSION = YES;
				CLANG_WARN_CONSTANT_CONVERSION = YES;
				CLANG_WARN_DIRECT_OBJC_ISA_USAGE = YES_ERROR;
				CLANG_WARN_EMPTY_BODY = YES;
				CLANG_WARN_ENUM_CONVERSION = YES;
				CLANG_WARN_INT_CONVERSION = YES;
				CLANG_WARN_OBJC_ROOT_CLASS = YES_ERROR;
				CLANG_WARN_UNREACHABLE_CODE = YES;
				CLANG_WARN__DUPLICATE_METHOD_MATCH = YES;
				"CODE_SIGN_IDENTITY[sdk=iphoneos*]" = "iPhone Developer";
				COPY_PHASE_STRIP = NO;
				CURRENT_PROJECT_VERSION = 0.9;
				ENABLE_STRICT_OBJC_MSGSEND = YES;
				ENABLE_TESTABILITY = YES;
				GCC_DYNAMIC_NO_PIC = NO;
				GCC_OPTIMIZATION_LEVEL = 0;
				GCC_PREPROCESSOR_DEFINITIONS = (
					"DEBUG=1",
					"$(inherited)",
				);
				GCC_SYMBOLS_PRIVATE_EXTERN = NO;
				GCC_WARN_64_TO_32_BIT_CONVERSION = YES;
				GCC_WARN_ABOUT_RETURN_TYPE = YES_ERROR;
				GCC_WARN_UNDECLARED_SELECTOR = YES;
				GCC_WARN_UNINITIALIZED_AUTOS = YES_AGGRESSIVE;
				GCC_WARN_UNUSED_FUNCTION = YES;
				GCC_WARN_UNUSED_VARIABLE = YES;
				INFOPLIST_FILE = "Platforms/$(TARGET_NAME)/Info.plist";
				IPHONEOS_DEPLOYMENT_TARGET = 8.0;
				MTL_ENABLE_DEBUG_INFO = YES;
				ONLY_ACTIVE_ARCH = YES;
				PRODUCT_BUNDLE_IDENTIFIER = "com.viwid.$(TARGET_NAME:rfc1034identifier)";
				PRODUCT_MODULE_NAME = "$(PRODUCT_NAME:c99extidentifier)";
				PRODUCT_NAME = Evergreen;
				SDKROOT = iphoneos;
				SWIFT_OPTIMIZATION_LEVEL = "-Onone";
				TARGETED_DEVICE_FAMILY = "1,2";
				VERSIONING_SYSTEM = "apple-generic";
				VERSION_INFO_PREFIX = "";
			};
			name = Debug;
		};
		87539B3119DB23F00084658D /* Release */ = {
			isa = XCBuildConfiguration;
			buildSettings = {
				ALWAYS_SEARCH_USER_PATHS = NO;
				CLANG_ENABLE_MODULES = YES;
				CLANG_ENABLE_OBJC_ARC = YES;
				CLANG_WARN_BOOL_CONVERSION = YES;
				CLANG_WARN_CONSTANT_CONVERSION = YES;
				CLANG_WARN_DIRECT_OBJC_ISA_USAGE = YES_ERROR;
				CLANG_WARN_EMPTY_BODY = YES;
				CLANG_WARN_ENUM_CONVERSION = YES;
				CLANG_WARN_INT_CONVERSION = YES;
				CLANG_WARN_OBJC_ROOT_CLASS = YES_ERROR;
				CLANG_WARN_UNREACHABLE_CODE = YES;
				CLANG_WARN__DUPLICATE_METHOD_MATCH = YES;
				"CODE_SIGN_IDENTITY[sdk=iphoneos*]" = "iPhone Developer";
				COPY_PHASE_STRIP = YES;
				CURRENT_PROJECT_VERSION = 0.9;
				ENABLE_NS_ASSERTIONS = NO;
				ENABLE_STRICT_OBJC_MSGSEND = YES;
				GCC_WARN_64_TO_32_BIT_CONVERSION = YES;
				GCC_WARN_ABOUT_RETURN_TYPE = YES_ERROR;
				GCC_WARN_UNDECLARED_SELECTOR = YES;
				GCC_WARN_UNINITIALIZED_AUTOS = YES_AGGRESSIVE;
				GCC_WARN_UNUSED_FUNCTION = YES;
				GCC_WARN_UNUSED_VARIABLE = YES;
				INFOPLIST_FILE = "Platforms/$(TARGET_NAME)/Info.plist";
				IPHONEOS_DEPLOYMENT_TARGET = 8.0;
				MTL_ENABLE_DEBUG_INFO = NO;
				PRODUCT_BUNDLE_IDENTIFIER = "com.viwid.$(TARGET_NAME:rfc1034identifier)";
				PRODUCT_MODULE_NAME = "$(PRODUCT_NAME:c99extidentifier)";
				PRODUCT_NAME = Evergreen;
				SDKROOT = iphoneos;
				TARGETED_DEVICE_FAMILY = "1,2";
				VALIDATE_PRODUCT = YES;
				VERSIONING_SYSTEM = "apple-generic";
				VERSION_INFO_PREFIX = "";
			};
			name = Release;
		};
		87539B3319DB23F00084658D /* Debug */ = {
			isa = XCBuildConfiguration;
			buildSettings = {
				APPLICATION_EXTENSION_API_ONLY = YES;
				CLANG_ENABLE_MODULES = YES;
				DEFINES_MODULE = YES;
				DYLIB_COMPATIBILITY_VERSION = 1;
				DYLIB_CURRENT_VERSION = 1;
				DYLIB_INSTALL_NAME_BASE = "@rpath";
				INSTALL_PATH = "$(LOCAL_LIBRARY_DIR)/Frameworks";
				LD_RUNPATH_SEARCH_PATHS = "$(inherited) @executable_path/Frameworks @loader_path/Frameworks";
				SKIP_INSTALL = YES;
				SWIFT_OPTIMIZATION_LEVEL = "-Onone";
			};
			name = Debug;
		};
		87539B3419DB23F00084658D /* Release */ = {
			isa = XCBuildConfiguration;
			buildSettings = {
				APPLICATION_EXTENSION_API_ONLY = YES;
				CLANG_ENABLE_MODULES = YES;
				DEFINES_MODULE = YES;
				DYLIB_COMPATIBILITY_VERSION = 1;
				DYLIB_CURRENT_VERSION = 1;
				DYLIB_INSTALL_NAME_BASE = "@rpath";
				INSTALL_PATH = "$(LOCAL_LIBRARY_DIR)/Frameworks";
				LD_RUNPATH_SEARCH_PATHS = "$(inherited) @executable_path/Frameworks @loader_path/Frameworks";
				SKIP_INSTALL = YES;
			};
			name = Release;
		};
		87539B3619DB23F00084658D /* Debug */ = {
			isa = XCBuildConfiguration;
			buildSettings = {
				CLANG_ENABLE_MODULES = YES;
				FRAMEWORK_SEARCH_PATHS = (
					"$(SDKROOT)/Developer/Library/Frameworks",
					"$(inherited)",
				);
				GCC_PREPROCESSOR_DEFINITIONS = (
					"DEBUG=1",
					"$(inherited)",
				);
				LD_RUNPATH_SEARCH_PATHS = "$(inherited) @executable_path/Frameworks @loader_path/Frameworks";
				PRODUCT_NAME = "$(TARGET_NAME)";
				SWIFT_OPTIMIZATION_LEVEL = "-Onone";
			};
			name = Debug;
		};
		87539B3719DB23F00084658D /* Release */ = {
			isa = XCBuildConfiguration;
			buildSettings = {
				CLANG_ENABLE_MODULES = YES;
				FRAMEWORK_SEARCH_PATHS = (
					"$(SDKROOT)/Developer/Library/Frameworks",
					"$(inherited)",
				);
				LD_RUNPATH_SEARCH_PATHS = "$(inherited) @executable_path/Frameworks @loader_path/Frameworks";
				PRODUCT_NAME = "$(TARGET_NAME)";
			};
			name = Release;
		};
/* End XCBuildConfiguration section */

/* Begin XCConfigurationList section */
		87515FE41CB2BBA100E0120D /* Build configuration list for PBXNativeTarget "Evergreen-OSX" */ = {
			isa = XCConfigurationList;
			buildConfigurations = (
				87515FE51CB2BBA100E0120D /* Debug */,
				87515FE61CB2BBA100E0120D /* Release */,
			);
			defaultConfigurationIsVisible = 0;
			defaultConfigurationName = Release;
		};
		87515FE71CB2BBA100E0120D /* Build configuration list for PBXNativeTarget "Evergreen-OSX Tests" */ = {
			isa = XCConfigurationList;
			buildConfigurations = (
				87515FE81CB2BBA100E0120D /* Debug */,
				87515FE91CB2BBA100E0120D /* Release */,
			);
			defaultConfigurationIsVisible = 0;
			defaultConfigurationName = Release;
		};
		875160071CB2BEC500E0120D /* Build configuration list for PBXNativeTarget "Evergreen-tvOS" */ = {
			isa = XCConfigurationList;
			buildConfigurations = (
				875160081CB2BEC500E0120D /* Debug */,
				875160091CB2BEC500E0120D /* Release */,
			);
			defaultConfigurationIsVisible = 0;
			defaultConfigurationName = Release;
		};
		8751600A1CB2BEC500E0120D /* Build configuration list for PBXNativeTarget "Evergreen-tvOS Tests" */ = {
			isa = XCConfigurationList;
			buildConfigurations = (
				8751600B1CB2BEC500E0120D /* Debug */,
				8751600C1CB2BEC500E0120D /* Release */,
			);
			defaultConfigurationIsVisible = 0;
			defaultConfigurationName = Release;
		};
		875160171CB2C00C00E0120D /* Build configuration list for PBXNativeTarget "Evergreen-watchOS" */ = {
			isa = XCConfigurationList;
			buildConfigurations = (
				875160181CB2C00C00E0120D /* Debug */,
				875160191CB2C00C00E0120D /* Release */,
			);
			defaultConfigurationIsVisible = 0;
			defaultConfigurationName = Release;
		};
		87539B1919DB23F00084658D /* Build configuration list for PBXProject "Evergreen" */ = {
			isa = XCConfigurationList;
			buildConfigurations = (
				87539B3019DB23F00084658D /* Debug */,
				87539B3119DB23F00084658D /* Release */,
			);
			defaultConfigurationIsVisible = 0;
			defaultConfigurationName = Release;
		};
		87539B3219DB23F00084658D /* Build configuration list for PBXNativeTarget "Evergreen-iOS" */ = {
			isa = XCConfigurationList;
			buildConfigurations = (
				87539B3319DB23F00084658D /* Debug */,
				87539B3419DB23F00084658D /* Release */,
			);
			defaultConfigurationIsVisible = 0;
			defaultConfigurationName = Release;
		};
		87539B3519DB23F00084658D /* Build configuration list for PBXNativeTarget "Evergreen-iOS Tests" */ = {
			isa = XCConfigurationList;
			buildConfigurations = (
				87539B3619DB23F00084658D /* Debug */,
				87539B3719DB23F00084658D /* Release */,
			);
			defaultConfigurationIsVisible = 0;
			defaultConfigurationName = Release;
		};
/* End XCConfigurationList section */
	};
	rootObject = 87539B1619DB23F00084658D /* Project object */;
}
