// !$*UTF8*$!
{
	archiveVersion = 1;
	classes = {
	};
	objectVersion = 46;
	objects = {

/* Begin PBXBuildFile section */
		87CA7F811AE7291C008D2DA0 /* Formatter.swift in Sources */ = {isa = PBXBuildFile; fileRef = 87CA7F7C1AE7291C008D2DA0 /* Formatter.swift */; };
		87CA7F821AE7291C008D2DA0 /* Handler.swift in Sources */ = {isa = PBXBuildFile; fileRef = 87CA7F7D1AE7291C008D2DA0 /* Handler.swift */; };
		87CA7F841AE7291C008D2DA0 /* Logger.swift in Sources */ = {isa = PBXBuildFile; fileRef = 87CA7F7F1AE7291C008D2DA0 /* Logger.swift */; };
		87CA7F851AE7291C008D2DA0 /* Evergreen.h in Headers */ = {isa = PBXBuildFile; fileRef = 87CA7F801AE7291C008D2DA0 /* Evergreen.h */; settings = {ATTRIBUTES = (Public, ); }; };
		87CA7F891AE7295A008D2DA0 /* EvergreenTests.swift in Sources */ = {isa = PBXBuildFile; fileRef = 87CA7F871AE7295A008D2DA0 /* EvergreenTests.swift */; };
/* End PBXBuildFile section */

/* Begin PBXContainerItemProxy section */
		870449FC19F22EB100A78D15 /* PBXContainerItemProxy */ = {
			isa = PBXContainerItemProxy;
			containerPortal = 87539B1619DB23F00084658D /* Project object */;
			proxyType = 1;
			remoteGlobalIDString = 87539B1E19DB23F00084658D;
			remoteInfo = VILogKit;
		};
/* End PBXContainerItemProxy section */

/* Begin PBXFileReference section */
		87539B1F19DB23F00084658D /* Evergreen.framework */ = {isa = PBXFileReference; explicitFileType = wrapper.framework; includeInIndex = 0; path = Evergreen.framework; sourceTree = BUILT_PRODUCTS_DIR; };
		87539B2A19DB23F00084658D /* EvergreenTests.xctest */ = {isa = PBXFileReference; explicitFileType = wrapper.cfbundle; includeInIndex = 0; path = EvergreenTests.xctest; sourceTree = BUILT_PRODUCTS_DIR; };
		87CA7F7C1AE7291C008D2DA0 /* Formatter.swift */ = {isa = PBXFileReference; fileEncoding = 4; lastKnownFileType = sourcecode.swift; name = Formatter.swift; path = Evergreen/Formatter.swift; sourceTree = SOURCE_ROOT; };
		87CA7F7D1AE7291C008D2DA0 /* Handler.swift */ = {isa = PBXFileReference; fileEncoding = 4; lastKnownFileType = sourcecode.swift; name = Handler.swift; path = Evergreen/Handler.swift; sourceTree = SOURCE_ROOT; };
		87CA7F7E1AE7291C008D2DA0 /* Info.plist */ = {isa = PBXFileReference; fileEncoding = 4; lastKnownFileType = text.plist.xml; name = Info.plist; path = Evergreen/Info.plist; sourceTree = SOURCE_ROOT; };
		87CA7F7F1AE7291C008D2DA0 /* Logger.swift */ = {isa = PBXFileReference; fileEncoding = 4; lastKnownFileType = sourcecode.swift; name = Logger.swift; path = Evergreen/Logger.swift; sourceTree = SOURCE_ROOT; };
		87CA7F801AE7291C008D2DA0 /* Evergreen.h */ = {isa = PBXFileReference; fileEncoding = 4; lastKnownFileType = sourcecode.c.h; name = Evergreen.h; path = Evergreen/Evergreen.h; sourceTree = SOURCE_ROOT; };
		87CA7F861AE7295A008D2DA0 /* Info.plist */ = {isa = PBXFileReference; fileEncoding = 4; lastKnownFileType = text.plist.xml; name = Info.plist; path = EvergreenTests/Info.plist; sourceTree = SOURCE_ROOT; };
		87CA7F871AE7295A008D2DA0 /* EvergreenTests.swift */ = {isa = PBXFileReference; fileEncoding = 4; lastKnownFileType = sourcecode.swift; name = EvergreenTests.swift; path = EvergreenTests/EvergreenTests.swift; sourceTree = SOURCE_ROOT; };
/* End PBXFileReference section */

/* Begin PBXFrameworksBuildPhase section */
		87539B1B19DB23F00084658D /* Frameworks */ = {
			isa = PBXFrameworksBuildPhase;
			buildActionMask = 2147483647;
			files = (
			);
			runOnlyForDeploymentPostprocessing = 0;
		};
		87539B2719DB23F00084658D /* Frameworks */ = {
			isa = PBXFrameworksBuildPhase;
			buildActionMask = 2147483647;
			files = (
			);
			runOnlyForDeploymentPostprocessing = 0;
		};
/* End PBXFrameworksBuildPhase section */

/* Begin PBXGroup section */
		87539B1519DB23F00084658D = {
			isa = PBXGroup;
			children = (
				87539B2119DB23F00084658D /* Evergreen */,
				87539B2B19DB23F00084658D /* EvergreenTests */,
				87539B2019DB23F00084658D /* Products */,
			);
			sourceTree = "<group>";
		};
		87539B2019DB23F00084658D /* Products */ = {
			isa = PBXGroup;
			children = (
				87539B1F19DB23F00084658D /* Evergreen.framework */,
				87539B2A19DB23F00084658D /* EvergreenTests.xctest */,
			);
			name = Products;
			sourceTree = "<group>";
		};
		87539B2119DB23F00084658D /* Evergreen */ = {
			isa = PBXGroup;
			children = (
				87CA7F801AE7291C008D2DA0 /* Evergreen.h */,
				87CA7F7F1AE7291C008D2DA0 /* Logger.swift */,
				87CA7F7D1AE7291C008D2DA0 /* Handler.swift */,
				87CA7F7C1AE7291C008D2DA0 /* Formatter.swift */,
				87539B2219DB23F00084658D /* Supporting Files */,
			);
			name = Evergreen;
			path = VILogKit;
			sourceTree = "<group>";
		};
		87539B2219DB23F00084658D /* Supporting Files */ = {
			isa = PBXGroup;
			children = (
				87CA7F7E1AE7291C008D2DA0 /* Info.plist */,
			);
			name = "Supporting Files";
			sourceTree = "<group>";
		};
		87539B2B19DB23F00084658D /* EvergreenTests */ = {
			isa = PBXGroup;
			children = (
				87CA7F871AE7295A008D2DA0 /* EvergreenTests.swift */,
				87539B2C19DB23F00084658D /* Supporting Files */,
			);
			name = EvergreenTests;
			path = VILogKitTests;
			sourceTree = "<group>";
		};
		87539B2C19DB23F00084658D /* Supporting Files */ = {
			isa = PBXGroup;
			children = (
				87CA7F861AE7295A008D2DA0 /* Info.plist */,
			);
			name = "Supporting Files";
			sourceTree = "<group>";
		};
/* End PBXGroup section */

/* Begin PBXHeadersBuildPhase section */
		87539B1C19DB23F00084658D /* Headers */ = {
			isa = PBXHeadersBuildPhase;
			buildActionMask = 2147483647;
			files = (
				87CA7F851AE7291C008D2DA0 /* Evergreen.h in Headers */,
			);
			runOnlyForDeploymentPostprocessing = 0;
		};
/* End PBXHeadersBuildPhase section */

/* Begin PBXNativeTarget section */
		87539B1E19DB23F00084658D /* Evergreen */ = {
			isa = PBXNativeTarget;
			buildConfigurationList = 87539B3219DB23F00084658D /* Build configuration list for PBXNativeTarget "Evergreen" */;
			buildPhases = (
				87539B1A19DB23F00084658D /* Sources */,
				87539B1B19DB23F00084658D /* Frameworks */,
				87539B1C19DB23F00084658D /* Headers */,
				87539B1D19DB23F00084658D /* Resources */,
			);
			buildRules = (
			);
			dependencies = (
			);
			name = Evergreen;
			productName = VILogKit;
			productReference = 87539B1F19DB23F00084658D /* Evergreen.framework */;
			productType = "com.apple.product-type.framework";
		};
		87539B2919DB23F00084658D /* EvergreenTests */ = {
			isa = PBXNativeTarget;
			buildConfigurationList = 87539B3519DB23F00084658D /* Build configuration list for PBXNativeTarget "EvergreenTests" */;
			buildPhases = (
				87539B2619DB23F00084658D /* Sources */,
				87539B2719DB23F00084658D /* Frameworks */,
				87539B2819DB23F00084658D /* Resources */,
			);
			buildRules = (
			);
			dependencies = (
				870449FD19F22EB100A78D15 /* PBXTargetDependency */,
			);
			name = EvergreenTests;
			productName = VILogKitTests;
			productReference = 87539B2A19DB23F00084658D /* EvergreenTests.xctest */;
			productType = "com.apple.product-type.bundle.unit-test";
		};
/* End PBXNativeTarget section */

/* Begin PBXProject section */
		87539B1619DB23F00084658D /* Project object */ = {
			isa = PBXProject;
			attributes = {
				LastSwiftUpdateCheck = 0700;
				LastUpgradeCheck = 0700;
				ORGANIZATIONNAME = "viWiD Webdesign & iOS Development";
				TargetAttributes = {
					87539B1E19DB23F00084658D = {
						CreatedOnToolsVersion = 6.0.1;
					};
					87539B2919DB23F00084658D = {
						CreatedOnToolsVersion = 6.0.1;
					};
				};
			};
			buildConfigurationList = 87539B1919DB23F00084658D /* Build configuration list for PBXProject "Evergreen" */;
			compatibilityVersion = "Xcode 3.2";
			developmentRegion = English;
			hasScannedForEncodings = 0;
			knownRegions = (
				en,
			);
			mainGroup = 87539B1519DB23F00084658D;
			productRefGroup = 87539B2019DB23F00084658D /* Products */;
			projectDirPath = "";
			projectRoot = "";
			targets = (
				87539B1E19DB23F00084658D /* Evergreen */,
				87539B2919DB23F00084658D /* EvergreenTests */,
			);
		};
/* End PBXProject section */

/* Begin PBXResourcesBuildPhase section */
		87539B1D19DB23F00084658D /* Resources */ = {
			isa = PBXResourcesBuildPhase;
			buildActionMask = 2147483647;
			files = (
			);
			runOnlyForDeploymentPostprocessing = 0;
		};
		87539B2819DB23F00084658D /* Resources */ = {
			isa = PBXResourcesBuildPhase;
			buildActionMask = 2147483647;
			files = (
			);
			runOnlyForDeploymentPostprocessing = 0;
		};
/* End PBXResourcesBuildPhase section */

/* Begin PBXSourcesBuildPhase section */
		87539B1A19DB23F00084658D /* Sources */ = {
			isa = PBXSourcesBuildPhase;
			buildActionMask = 2147483647;
			files = (
				87CA7F821AE7291C008D2DA0 /* Handler.swift in Sources */,
				87CA7F841AE7291C008D2DA0 /* Logger.swift in Sources */,
				87CA7F811AE7291C008D2DA0 /* Formatter.swift in Sources */,
			);
			runOnlyForDeploymentPostprocessing = 0;
		};
		87539B2619DB23F00084658D /* Sources */ = {
			isa = PBXSourcesBuildPhase;
			buildActionMask = 2147483647;
			files = (
				87CA7F891AE7295A008D2DA0 /* EvergreenTests.swift in Sources */,
			);
			runOnlyForDeploymentPostprocessing = 0;
		};
/* End PBXSourcesBuildPhase section */

/* Begin PBXTargetDependency section */
		870449FD19F22EB100A78D15 /* PBXTargetDependency */ = {
			isa = PBXTargetDependency;
			target = 87539B1E19DB23F00084658D /* Evergreen */;
			targetProxy = 870449FC19F22EB100A78D15 /* PBXContainerItemProxy */;
		};
/* End PBXTargetDependency section */

/* Begin XCBuildConfiguration section */
		87539B3019DB23F00084658D /* Debug */ = {
			isa = XCBuildConfiguration;
			buildSettings = {
				ALWAYS_SEARCH_USER_PATHS = NO;
				CLANG_ENABLE_MODULES = YES;
				CLANG_ENABLE_OBJC_ARC = YES;
				CLANG_WARN_BOOL_CONVERSION = YES;
				CLANG_WARN_CONSTANT_CONVERSION = YES;
				CLANG_WARN_DIRECT_OBJC_ISA_USAGE = YES_ERROR;
				CLANG_WARN_EMPTY_BODY = YES;
				CLANG_WARN_ENUM_CONVERSION = YES;
				CLANG_WARN_INT_CONVERSION = YES;
				CLANG_WARN_OBJC_ROOT_CLASS = YES_ERROR;
				CLANG_WARN_UNREACHABLE_CODE = YES;
				CLANG_WARN__DUPLICATE_METHOD_MATCH = YES;
				"CODE_SIGN_IDENTITY[sdk=iphoneos*]" = "iPhone Developer";
				COPY_PHASE_STRIP = NO;
				CURRENT_PROJECT_VERSION = 1;
				ENABLE_STRICT_OBJC_MSGSEND = YES;
				ENABLE_TESTABILITY = YES;
				GCC_DYNAMIC_NO_PIC = NO;
				GCC_OPTIMIZATION_LEVEL = 0;
				GCC_PREPROCESSOR_DEFINITIONS = (
					"DEBUG=1",
					"$(inherited)",
				);
				GCC_SYMBOLS_PRIVATE_EXTERN = NO;
				GCC_WARN_64_TO_32_BIT_CONVERSION = YES;
				GCC_WARN_ABOUT_RETURN_TYPE = YES_ERROR;
				GCC_WARN_UNDECLARED_SELECTOR = YES;
				GCC_WARN_UNINITIALIZED_AUTOS = YES_AGGRESSIVE;
				GCC_WARN_UNUSED_FUNCTION = YES;
				GCC_WARN_UNUSED_VARIABLE = YES;
				IPHONEOS_DEPLOYMENT_TARGET = 8.0;
				MTL_ENABLE_DEBUG_INFO = YES;
				ONLY_ACTIVE_ARCH = YES;
				SDKROOT = iphoneos;
				SWIFT_OPTIMIZATION_LEVEL = "-Onone";
				TARGETED_DEVICE_FAMILY = "1,2";
				VERSIONING_SYSTEM = "apple-generic";
				VERSION_INFO_PREFIX = "";
			};
			name = Debug;
		};
		87539B3119DB23F00084658D /* Release */ = {
			isa = XCBuildConfiguration;
			buildSettings = {
				ALWAYS_SEARCH_USER_PATHS = NO;
				CLANG_ENABLE_MODULES = YES;
				CLANG_ENABLE_OBJC_ARC = YES;
				CLANG_WARN_BOOL_CONVERSION = YES;
				CLANG_WARN_CONSTANT_CONVERSION = YES;
				CLANG_WARN_DIRECT_OBJC_ISA_USAGE = YES_ERROR;
				CLANG_WARN_EMPTY_BODY = YES;
				CLANG_WARN_ENUM_CONVERSION = YES;
				CLANG_WARN_INT_CONVERSION = YES;
				CLANG_WARN_OBJC_ROOT_CLASS = YES_ERROR;
				CLANG_WARN_UNREACHABLE_CODE = YES;
				CLANG_WARN__DUPLICATE_METHOD_MATCH = YES;
				"CODE_SIGN_IDENTITY[sdk=iphoneos*]" = "iPhone Developer";
				COPY_PHASE_STRIP = YES;
				CURRENT_PROJECT_VERSION = 1;
				ENABLE_NS_ASSERTIONS = NO;
				ENABLE_STRICT_OBJC_MSGSEND = YES;
				GCC_WARN_64_TO_32_BIT_CONVERSION = YES;
				GCC_WARN_ABOUT_RETURN_TYPE = YES_ERROR;
				GCC_WARN_UNDECLARED_SELECTOR = YES;
				GCC_WARN_UNINITIALIZED_AUTOS = YES_AGGRESSIVE;
				GCC_WARN_UNUSED_FUNCTION = YES;
				GCC_WARN_UNUSED_VARIABLE = YES;
				IPHONEOS_DEPLOYMENT_TARGET = 8.0;
				MTL_ENABLE_DEBUG_INFO = NO;
				SDKROOT = iphoneos;
				TARGETED_DEVICE_FAMILY = "1,2";
				VALIDATE_PRODUCT = YES;
				VERSIONING_SYSTEM = "apple-generic";
				VERSION_INFO_PREFIX = "";
			};
			name = Release;
		};
		87539B3319DB23F00084658D /* Debug */ = {
			isa = XCBuildConfiguration;
			buildSettings = {
				APPLICATION_EXTENSION_API_ONLY = YES;
				CLANG_ENABLE_MODULES = YES;
				DEFINES_MODULE = YES;
				DYLIB_COMPATIBILITY_VERSION = 1;
				DYLIB_CURRENT_VERSION = 1;
				DYLIB_INSTALL_NAME_BASE = "@rpath";
				INFOPLIST_FILE = "$(SRCROOT)/Evergreen/Info.plist";
				INSTALL_PATH = "$(LOCAL_LIBRARY_DIR)/Frameworks";
				LD_RUNPATH_SEARCH_PATHS = "$(inherited) @executable_path/Frameworks @loader_path/Frameworks";
				PRODUCT_BUNDLE_IDENTIFIER = "com.viwid.$(PRODUCT_NAME:rfc1034identifier)";
				PRODUCT_NAME = Evergreen;
				SKIP_INSTALL = YES;
				SWIFT_OPTIMIZATION_LEVEL = "-Onone";
			};
			name = Debug;
		};
		87539B3419DB23F00084658D /* Release */ = {
			isa = XCBuildConfiguration;
			buildSettings = {
				APPLICATION_EXTENSION_API_ONLY = YES;
				CLANG_ENABLE_MODULES = YES;
				DEFINES_MODULE = YES;
				DYLIB_COMPATIBILITY_VERSION = 1;
				DYLIB_CURRENT_VERSION = 1;
				DYLIB_INSTALL_NAME_BASE = "@rpath";
				INFOPLIST_FILE = "$(SRCROOT)/Evergreen/Info.plist";
				INSTALL_PATH = "$(LOCAL_LIBRARY_DIR)/Frameworks";
				LD_RUNPATH_SEARCH_PATHS = "$(inherited) @executable_path/Frameworks @loader_path/Frameworks";
				PRODUCT_BUNDLE_IDENTIFIER = "com.viwid.$(PRODUCT_NAME:rfc1034identifier)";
				PRODUCT_NAME = Evergreen;
				SKIP_INSTALL = YES;
			};
			name = Release;
		};
		87539B3619DB23F00084658D /* Debug */ = {
			isa = XCBuildConfiguration;
			buildSettings = {
				CLANG_ENABLE_MODULES = YES;
				FRAMEWORK_SEARCH_PATHS = (
					"$(SDKROOT)/Developer/Library/Frameworks",
					"$(inherited)",
				);
				GCC_PREPROCESSOR_DEFINITIONS = (
					"DEBUG=1",
					"$(inherited)",
				);
				INFOPLIST_FILE = EvergreenTests/Info.plist;
				LD_RUNPATH_SEARCH_PATHS = "$(inherited) @executable_path/Frameworks @loader_path/Frameworks";
				PRODUCT_BUNDLE_IDENTIFIER = "com.viwid.$(PRODUCT_NAME:rfc1034identifier)";
				PRODUCT_NAME = EvergreenTests;
				SWIFT_OPTIMIZATION_LEVEL = "-Onone";
			};
			name = Debug;
		};
		87539B3719DB23F00084658D /* Release */ = {
			isa = XCBuildConfiguration;
			buildSettings = {
				CLANG_ENABLE_MODULES = YES;
				FRAMEWORK_SEARCH_PATHS = (
					"$(SDKROOT)/Developer/Library/Frameworks",
					"$(inherited)",
				);
				INFOPLIST_FILE = EvergreenTests/Info.plist;
				LD_RUNPATH_SEARCH_PATHS = "$(inherited) @executable_path/Frameworks @loader_path/Frameworks";
				PRODUCT_BUNDLE_IDENTIFIER = "com.viwid.$(PRODUCT_NAME:rfc1034identifier)";
				PRODUCT_NAME = EvergreenTests;
			};
			name = Release;
		};
/* End XCBuildConfiguration section */

/* Begin XCConfigurationList section */
		87539B1919DB23F00084658D /* Build configuration list for PBXProject "Evergreen" */ = {
			isa = XCConfigurationList;
			buildConfigurations = (
				87539B3019DB23F00084658D /* Debug */,
				87539B3119DB23F00084658D /* Release */,
			);
			defaultConfigurationIsVisible = 0;
			defaultConfigurationName = Release;
		};
		87539B3219DB23F00084658D /* Build configuration list for PBXNativeTarget "Evergreen" */ = {
			isa = XCConfigurationList;
			buildConfigurations = (
				87539B3319DB23F00084658D /* Debug */,
				87539B3419DB23F00084658D /* Release */,
			);
			defaultConfigurationIsVisible = 0;
			defaultConfigurationName = Release;
		};
		87539B3519DB23F00084658D /* Build configuration list for PBXNativeTarget "EvergreenTests" */ = {
			isa = XCConfigurationList;
			buildConfigurations = (
				87539B3619DB23F00084658D /* Debug */,
				87539B3719DB23F00084658D /* Release */,
			);
			defaultConfigurationIsVisible = 0;
			defaultConfigurationName = Release;
		};
/* End XCConfigurationList section */
	};
	rootObject = 87539B1619DB23F00084658D /* Project object */;
}
